
Microsoft Visual Studio Solution File, Format Version 12.00
# Visual Studio Version 16
VisualStudioVersion = 16.0.34407.143
MinimumVisualStudioVersion = 10.0.40219.1
Project("{9A19103F-16F7-4668-BE54-9A1E7A4F7556}") = "RoomBookedSystem", "RoomBookedSystem\RoomBookedSystem.csproj", "{F1D8E8CA-528F-440E-BF80-424694F56012}"
EndProject
Project("{9A19103F-16F7-4668-BE54-9A1E7A4F7556}") = "RoomMainSetup", "RoomMainSetup\RoomMainSetup.csproj", "{167C5BF3-25C6-4E71-8D60-0DFD8D0B62A4}"
EndProject
Project("{9A19103F-16F7-4668-BE54-9A1E7A4F7556}") = "RoomUser", "RoomUser\RoomUser.csproj", "{2BE1396B-2331-49F4-9F4B-24EAC644369D}"
EndProject
Project("{9A19103F-16F7-4668-BE54-9A1E7A4F7556}") = "RoomModel", "RoomModels\RoomModel.csproj", "{754A581B-82DD-46CF-8C1A-2870DE8E8127}"
EndProject
Project("{FAE04EC0-301F-11D3-BF4B-00C04F79EFBC}") = "RoomPayment", "RoomPayment\RoomPayment.csproj", "{60247A32-FBFD-4A36-AEBA-1357F51F2FE5}"
EndProject
Global
	GlobalSection(SolutionConfigurationPlatforms) = preSolution
		Debug|Any CPU = Debug|Any CPU
		Release|Any CPU = Release|Any CPU
	EndGlobalSection
	GlobalSection(ProjectConfigurationPlatforms) = postSolution
		{F1D8E8CA-528F-440E-BF80-424694F56012}.Debug|Any CPU.ActiveCfg = Debug|Any CPU
		{F1D8E8CA-528F-440E-BF80-424694F56012}.Debug|Any CPU.Build.0 = Debug|Any CPU
		{F1D8E8CA-528F-440E-BF80-424694F56012}.Release|Any CPU.ActiveCfg = Release|Any CPU
		{F1D8E8CA-528F-440E-BF80-424694F56012}.Release|Any CPU.Build.0 = Release|Any CPU
		{167C5BF3-25C6-4E71-8D60-0DFD8D0B62A4}.Debug|Any CPU.ActiveCfg = Debug|Any CPU
		{167C5BF3-25C6-4E71-8D60-0DFD8D0B62A4}.Debug|Any CPU.Build.0 = Debug|Any CPU
		{167C5BF3-25C6-4E71-8D60-0DFD8D0B62A4}.Release|Any CPU.ActiveCfg = Release|Any CPU
		{167C5BF3-25C6-4E71-8D60-0DFD8D0B62A4}.Release|Any CPU.Build.0 = Release|Any CPU
		{2BE1396B-2331-49F4-9F4B-24EAC644369D}.Debug|Any CPU.ActiveCfg = Debug|Any CPU
		{2BE1396B-2331-49F4-9F4B-24EAC644369D}.Debug|Any CPU.Build.0 = Debug|Any CPU
		{2BE1396B-2331-49F4-9F4B-24EAC644369D}.Release|Any CPU.ActiveCfg = Release|Any CPU
		{2BE1396B-2331-49F4-9F4B-24EAC644369D}.Release|Any CPU.Build.0 = Release|Any CPU
		{754A581B-82DD-46CF-8C1A-2870DE8E8127}.Debug|Any CPU.ActiveCfg = Debug|Any CPU
		{754A581B-82DD-46CF-8C1A-2870DE8E8127}.Debug|Any CPU.Build.0 = Debug|Any CPU
		{754A581B-82DD-46CF-8C1A-2870DE8E8127}.Release|Any CPU.ActiveCfg = Release|Any CPU
		{754A581B-82DD-46CF-8C1A-2870DE8E8127}.Release|Any CPU.Build.0 = Release|Any CPU
		{60247A32-FBFD-4A36-AEBA-1357F51F2FE5}.Debug|Any CPU.ActiveCfg = Debug|Any CPU
		{60247A32-FBFD-4A36-AEBA-1357F51F2FE5}.Debug|Any CPU.Build.0 = Debug|Any CPU
		{60247A32-FBFD-4A36-AEBA-1357F51F2FE5}.Release|Any CPU.ActiveCfg = Release|Any CPU
		{60247A32-FBFD-4A36-AEBA-1357F51F2FE5}.Release|Any CPU.Build.0 = Release|Any CPU
	EndGlobalSection
	GlobalSection(SolutionProperties) = preSolution
		HideSolutionNode = FALSE
	EndGlobalSection
	GlobalSection(ExtensibilityGlobals) = postSolution
		SolutionGuid = {3EF76A94-E85E-4B33-96B8-A4C99CBF169A}
	EndGlobalSection
EndGlobal
